
Microsoft Visual Studio Solution File, Format Version 12.00
# Visual Studio Version 16
VisualStudioVersion = 16.0.29519.181
MinimumVisualStudioVersion = 10.0.40219.1
Project("{FAE04EC0-301F-11D3-BF4B-00C04F79EFBC}") = "Mothods", "Mothods\Mothods.csproj", "{75EDCDD5-1B5E-48AD-BF90-02524E73A74D}"
EndProject
Global
	GlobalSection(SolutionConfigurationPlatforms) = preSolution
		Debug|Any CPU = Debug|Any CPU
		Release|Any CPU = Release|Any CPU
	EndGlobalSection
	GlobalSection(ProjectConfigurationPlatforms) = postSolution
		{75EDCDD5-1B5E-48AD-BF90-02524E73A74D}.Debug|Any CPU.ActiveCfg = Debug|Any CPU
		{75EDCDD5-1B5E-48AD-BF90-02524E73A74D}.Debug|Any CPU.Build.0 = Debug|Any CPU
		{75EDCDD5-1B5E-48AD-BF90-02524E73A74D}.Release|Any CPU.ActiveCfg = Release|Any CPU
		{75EDCDD5-1B5E-48AD-BF90-02524E73A74D}.Release|Any CPU.Build.0 = Release|Any CPU
	EndGlobalSection
	GlobalSection(SolutionProperties) = preSolution
		HideSolutionNode = FALSE
	EndGlobalSection
	GlobalSection(ExtensibilityGlobals) = postSolution
		SolutionGuid = {D38F9CA0-9679-43D2-A15A-9EF3F662C5D8}
	EndGlobalSection
EndGlobal
